<?xml version="1.0" encoding="utf-8"?>
<Project ToolsVersion="4.0" xmlns="http://schemas.microsoft.com/developer/msbuild/2003">
  <ItemGroup>
    <Filter Include="Source Files">
      <UniqueIdentifier>{4FC737F1-C7A5-4376-A066-2A32D752A2FF}</UniqueIdentifier>
      <Extensions>cpp;c;cc;cxx;def;odl;idl;hpj;bat;asm;asmx</Extensions>
    </Filter>
    <Filter Include="Header Files">
      <UniqueIdentifier>{93995380-89BD-4b04-88EB-625FBE52EBFB}</UniqueIdentifier>
      <Extensions>h;hh;hpp;hxx;hm;inl;inc;ipp;xsd</Extensions>
    </Filter>
    <Filter Include="imgui">
      <UniqueIdentifier>{8c56775f-e99a-4a14-b8c8-21f63aca4485}</UniqueIdentifier>
    </Filter>
    <Filter Include="SDK">
      <UniqueIdentifier>{6cc612f0-86fb-4bf6-b64a-74e10f5b498a}</UniqueIdentifier>
    </Filter>
    <Filter Include="Hacks">
      <UniqueIdentifier>{f60a2d6f-e07f-4f71-8db1-6ec82cf1f6d4}</UniqueIdentifier>
    </Filter>
    <Filter Include="MinHook">
      <UniqueIdentifier>{d845b8dc-ce6b-48c5-b78d-1003a5a857e0}</UniqueIdentifier>
    </Filter>
    <Filter Include="Hooks">
      <UniqueIdentifier>{8899dcd1-0468-4bfa-b60d-c2af1c97a39e}</UniqueIdentifier>
    </Filter>
    <Filter Include="nlohmann">
      <UniqueIdentifier>{44d5d3e3-0072-4a5a-b725-1b9807c24a06}</UniqueIdentifier>
    </Filter>
    <Filter Include="Resources">
      <UniqueIdentifier>{ad9f0ad1-ce71-4bc4-b5eb-dd6a018f4fae}</UniqueIdentifier>
    </Filter>
    <Filter Include="freetype">
      <UniqueIdentifier>{15481d2e-5516-4ece-9b00-79e32710804c}</UniqueIdentifier>
    </Filter>
    <Filter Include="Resources\Shaders">
      <UniqueIdentifier>{6f1f2a48-d1e6-4e87-b967-4b7e41157a5b}</UniqueIdentifier>
    </Filter>
    <Filter Include="InventoryChanger">
      <UniqueIdentifier>{2d9b89c7-c323-4423-a60d-412e3bd1637f}</UniqueIdentifier>
    </Filter>
    <Filter Include="InventoryChanger\GameItems">
      <UniqueIdentifier>{4bde1f1b-2fcb-40ca-ad3c-31ce0fbab3d5}</UniqueIdentifier>
    </Filter>
  </ItemGroup>
  <ItemGroup>
    <ClCompile Include="GUI.cpp">
      <Filter>Source Files</Filter>
    </ClCompile>
    <ClCompile Include="imgui\imgui.cpp">
      <Filter>imgui</Filter>
    </ClCompile>
    <ClCompile Include="imgui\imgui_demo.cpp">
      <Filter>imgui</Filter>
    </ClCompile>
    <ClCompile Include="imgui\imgui_draw.cpp">
      <Filter>imgui</Filter>
    </ClCompile>
    <ClCompile Include="imgui\imgui_impl_dx9.cpp">
      <Filter>imgui</Filter>
    </ClCompile>
    <ClCompile Include="imgui\imgui_impl_win32.cpp">
      <Filter>imgui</Filter>
    </ClCompile>
    <ClCompile Include="imgui\imgui_widgets.cpp">
      <Filter>imgui</Filter>
    </ClCompile>
    <ClCompile Include="Hooks.cpp">
      <Filter>Source Files</Filter>
    </ClCompile>
    <ClCompile Include="Memory.cpp">
      <Filter>Source Files</Filter>
    </ClCompile>
    <ClCompile Include="Config.cpp">
      <Filter>Source Files</Filter>
    </ClCompile>
    <ClCompile Include="Hacks\Misc.cpp">
      <Filter>Hacks</Filter>
    </ClCompile>
    <ClCompile Include="Osiris.cpp">
      <Filter>Source Files</Filter>
    </ClCompile>
    <ClCompile Include="Hacks\Glow.cpp">
      <Filter>Hacks</Filter>
    </ClCompile>
    <ClCompile Include="Hacks\Triggerbot.cpp">
      <Filter>Hacks</Filter>
    </ClCompile>
    <ClCompile Include="Hacks\Chams.cpp">
      <Filter>Hacks</Filter>
    </ClCompile>
    <ClCompile Include="Hacks\Aimbot.cpp">
      <Filter>Hacks</Filter>
    </ClCompile>
    <ClCompile Include="Netvars.cpp">
      <Filter>Source Files</Filter>
    </ClCompile>
    <ClCompile Include="Hacks\Visuals.cpp">
      <Filter>Hacks</Filter>
    </ClCompile>
    <ClCompile Include="Hacks\Backtrack.cpp">
      <Filter>Hacks</Filter>
    </ClCompile>
    <ClCompile Include="SDK\GlobalVars.cpp">
      <Filter>SDK</Filter>
    </ClCompile>
    <ClCompile Include="Hacks\AntiAim.cpp">
      <Filter>Hacks</Filter>
    </ClCompile>
    <ClCompile Include="imguiCustom.cpp">
      <Filter>Source Files</Filter>
    </ClCompile>
    <ClCompile Include="imgui\imgui_stdlib.cpp">
      <Filter>imgui</Filter>
    </ClCompile>
    <ClCompile Include="Hacks\EnginePrediction.cpp">
      <Filter>Hacks</Filter>
    </ClCompile>
    <ClCompile Include="SDK\KeyValues.cpp">
      <Filter>SDK</Filter>
    </ClCompile>
    <ClCompile Include="EventListener.cpp">
      <Filter>Source Files</Filter>
    </ClCompile>
    <ClCompile Include="SDK\Entity.cpp">
      <Filter>SDK</Filter>
    </ClCompile>
    <ClCompile Include="MinHook\hde\hde32.c">
      <Filter>MinHook</Filter>
    </ClCompile>
    <ClCompile Include="MinHook\buffer.c">
      <Filter>MinHook</Filter>
    </ClCompile>
    <ClCompile Include="MinHook\hde\hde64.c">
      <Filter>MinHook</Filter>
    </ClCompile>
    <ClCompile Include="MinHook\hook.c">
      <Filter>MinHook</Filter>
    </ClCompile>
    <ClCompile Include="MinHook\trampoline.c">
      <Filter>MinHook</Filter>
    </ClCompile>
    <ClCompile Include="Hooks\VmtSwap.cpp">
      <Filter>Hooks</Filter>
    </ClCompile>
    <ClCompile Include="Hooks\MinHook.cpp">
      <Filter>Hooks</Filter>
    </ClCompile>
    <ClCompile Include="Hooks\VmtHook.cpp">
      <Filter>Hooks</Filter>
    </ClCompile>
    <ClCompile Include="SDK\Utils.cpp">
      <Filter>SDK</Filter>
    </ClCompile>
    <ClCompile Include="GameData.cpp">
      <Filter>Source Files</Filter>
    </ClCompile>
    <ClCompile Include="Hacks\StreamProofESP.cpp">
      <Filter>Hacks</Filter>
    </ClCompile>
    <ClCompile Include="Helpers.cpp">
      <Filter>Source Files</Filter>
    </ClCompile>
    <ClCompile Include="InputUtil.cpp">
      <Filter>Source Files</Filter>
    </ClCompile>
    <ClCompile Include="imgui\imgui_tables.cpp">
      <Filter>imgui</Filter>
    </ClCompile>
    <ClCompile Include="Texture.cpp">
      <Filter>Source Files</Filter>
    </ClCompile>
    <ClCompile Include="freetype\src\autofit\autofit.c">
      <Filter>freetype</Filter>
    </ClCompile>
    <ClCompile Include="freetype\src\cff\cff.c">
      <Filter>freetype</Filter>
    </ClCompile>
    <ClCompile Include="freetype\src\base\ftbase.c">
      <Filter>freetype</Filter>
    </ClCompile>
    <ClCompile Include="freetype\src\base\ftbitmap.c">
      <Filter>freetype</Filter>
    </ClCompile>
    <ClCompile Include="freetype\src\base\ftdebug.c">
      <Filter>freetype</Filter>
    </ClCompile>
    <ClCompile Include="freetype\src\base\ftglyph.c">
      <Filter>freetype</Filter>
    </ClCompile>
    <ClCompile Include="freetype\src\base\ftinit.c">
      <Filter>freetype</Filter>
    </ClCompile>
    <ClCompile Include="freetype\src\base\ftsynth.c">
      <Filter>freetype</Filter>
    </ClCompile>
    <ClCompile Include="freetype\src\base\ftsystem.c">
      <Filter>freetype</Filter>
    </ClCompile>
    <ClCompile Include="freetype\src\psaux\psaux.c">
      <Filter>freetype</Filter>
    </ClCompile>
    <ClCompile Include="freetype\src\pshinter\pshinter.c">
      <Filter>freetype</Filter>
    </ClCompile>
    <ClCompile Include="freetype\src\psnames\psnames.c">
      <Filter>freetype</Filter>
    </ClCompile>
    <ClCompile Include="freetype\src\raster\raster.c">
      <Filter>freetype</Filter>
    </ClCompile>
    <ClCompile Include="freetype\src\sfnt\sfnt.c">
      <Filter>freetype</Filter>
    </ClCompile>
    <ClCompile Include="freetype\src\smooth\smooth.c">
      <Filter>freetype</Filter>
    </ClCompile>
    <ClCompile Include="freetype\src\truetype\truetype.c">
      <Filter>freetype</Filter>
    </ClCompile>
    <ClCompile Include="imgui\imgui_freetype.cpp">
      <Filter>imgui</Filter>
    </ClCompile>
    <ClCompile Include="Hacks\Sound.cpp">
      <Filter>Hacks</Filter>
    </ClCompile>
    <ClCompile Include="pch.cpp">
      <Filter>Source Files</Filter>
    </ClCompile>
    <ClCompile Include="pch-c.c">
      <Filter>Source Files</Filter>
    </ClCompile>
    <ClCompile Include="ConfigStructs.cpp">
      <Filter>Source Files</Filter>
    </ClCompile>
    <ClCompile Include="InventoryChanger\InventoryChanger.cpp">
      <Filter>InventoryChanger</Filter>
    </ClCompile>
    <ClCompile Include="InventoryChanger\StaticData.cpp">
      <Filter>InventoryChanger</Filter>
    </ClCompile>
    <ClCompile Include="InventoryChanger\Inventory.cpp">
      <Filter>InventoryChanger</Filter>
    </ClCompile>
    <ClCompile Include="InventoryChanger\ToolUser.cpp">
      <Filter>InventoryChanger</Filter>
    </ClCompile>
    <ClCompile Include="SDK\EconItemView.cpp">
      <Filter>SDK</Filter>
    </ClCompile>
    <ClCompile Include="InventoryChanger\ItemGenerator.cpp">
      <Filter>InventoryChanger</Filter>
    </ClCompile>
    <ClCompile Include="InventoryChanger\InventoryConfig.cpp">
      <Filter>InventoryChanger</Filter>
    </ClCompile>
  </ItemGroup>
  <ItemGroup>
    <ClInclude Include="GUI.h">
      <Filter>Header Files</Filter>
    </ClInclude>
    <ClInclude Include="imgui\imconfig.h">
      <Filter>imgui</Filter>
    </ClInclude>
    <ClInclude Include="imgui\imgui.h">
      <Filter>imgui</Filter>
    </ClInclude>
    <ClInclude Include="imgui\imgui_impl_dx9.h">
      <Filter>imgui</Filter>
    </ClInclude>
    <ClInclude Include="imgui\imgui_impl_win32.h">
      <Filter>imgui</Filter>
    </ClInclude>
    <ClInclude Include="imgui\imgui_internal.h">
      <Filter>imgui</Filter>
    </ClInclude>
    <ClInclude Include="imgui\imstb_rectpack.h">
      <Filter>imgui</Filter>
    </ClInclude>
    <ClInclude Include="imgui\imstb_textedit.h">
      <Filter>imgui</Filter>
    </ClInclude>
    <ClInclude Include="imgui\imstb_truetype.h">
      <Filter>imgui</Filter>
    </ClInclude>
    <ClInclude Include="Hooks.h">
      <Filter>Header Files</Filter>
    </ClInclude>
    <ClInclude Include="Memory.h">
      <Filter>Header Files</Filter>
    </ClInclude>
    <ClInclude Include="Config.h">
      <Filter>Header Files</Filter>
    </ClInclude>
    <ClInclude Include="Interfaces.h">
      <Filter>Header Files</Filter>
    </ClInclude>
    <ClInclude Include="SDK\UserCmd.h">
      <Filter>SDK</Filter>
    </ClInclude>
    <ClInclude Include="SDK\Material.h">
      <Filter>SDK</Filter>
    </ClInclude>
    <ClInclude Include="SDK\Vector.h">
      <Filter>SDK</Filter>
    </ClInclude>
    <ClInclude Include="SDK\Input.h">
      <Filter>SDK</Filter>
    </ClInclude>
    <ClInclude Include="Hacks\Misc.h">
      <Filter>Hacks</Filter>
    </ClInclude>
    <ClInclude Include="SDK\UtlVector.h">
      <Filter>SDK</Filter>
    </ClInclude>
    <ClInclude Include="SDK\GlowObjectManager.h">
      <Filter>SDK</Filter>
    </ClInclude>
    <ClInclude Include="SDK\ClientClass.h">
      <Filter>SDK</Filter>
    </ClInclude>
    <ClInclude Include="SDK\Cvar.h">
      <Filter>SDK</Filter>
    </ClInclude>
    <ClInclude Include="Hacks\Glow.h">
      <Filter>Hacks</Filter>
    </ClInclude>
    <ClInclude Include="Hacks\Triggerbot.h">
      <Filter>Hacks</Filter>
    </ClInclude>
    <ClInclude Include="SDK\ModelRender.h">
      <Filter>SDK</Filter>
    </ClInclude>
    <ClInclude Include="SDK\MaterialSystem.h">
      <Filter>SDK</Filter>
    </ClInclude>
    <ClInclude Include="SDK\Utils.h">
      <Filter>SDK</Filter>
    </ClInclude>
    <ClInclude Include="Hacks\Chams.h">
      <Filter>Hacks</Filter>
    </ClInclude>
    <ClInclude Include="SDK\RenderView.h">
      <Filter>SDK</Filter>
    </ClInclude>
    <ClInclude Include="Hacks\Aimbot.h">
      <Filter>Hacks</Filter>
    </ClInclude>
    <ClInclude Include="SDK\Entity.h">
      <Filter>SDK</Filter>
    </ClInclude>
    <ClInclude Include="SDK\ClassId.h">
      <Filter>SDK</Filter>
    </ClInclude>
    <ClInclude Include="SDK\EntityList.h">
      <Filter>SDK</Filter>
    </ClInclude>
    <ClInclude Include="SDK\Engine.h">
      <Filter>SDK</Filter>
    </ClInclude>
    <ClInclude Include="SDK\InputSystem.h">
      <Filter>SDK</Filter>
    </ClInclude>
    <ClInclude Include="Netvars.h">
      <Filter>Header Files</Filter>
    </ClInclude>
    <ClInclude Include="SDK\Client.h">
      <Filter>SDK</Filter>
    </ClInclude>
    <ClInclude Include="SDK\Recv.h">
      <Filter>SDK</Filter>
    </ClInclude>
    <ClInclude Include="Hacks\Visuals.h">
      <Filter>Hacks</Filter>
    </ClInclude>
    <ClInclude Include="SDK\NetworkChannel.h">
      <Filter>SDK</Filter>
    </ClInclude>
    <ClInclude Include="SDK\GlobalVars.h">
      <Filter>SDK</Filter>
    </ClInclude>
    <ClInclude Include="SDK\WeaponId.h">
      <Filter>SDK</Filter>
    </ClInclude>
    <ClInclude Include="SDK\EngineTrace.h">
      <Filter>SDK</Filter>
    </ClInclude>
    <ClInclude Include="SDK\ModelInfo.h">
      <Filter>SDK</Filter>
    </ClInclude>
    <ClInclude Include="SDK\Surface.h">
      <Filter>SDK</Filter>
    </ClInclude>
    <ClInclude Include="SDK\GameUI.h">
      <Filter>SDK</Filter>
    </ClInclude>
    <ClInclude Include="SDK\FrameStage.h">
      <Filter>SDK</Filter>
    </ClInclude>
    <ClInclude Include="Hacks\Backtrack.h">
      <Filter>Hacks</Filter>
    </ClInclude>
    <ClInclude Include="SDK\VarMapping.h">
      <Filter>SDK</Filter>
    </ClInclude>
    <ClInclude Include="SDK\Localize.h">
      <Filter>SDK</Filter>
    </ClInclude>
    <ClInclude Include="SDK\GameEvent.h">
      <Filter>SDK</Filter>
    </ClInclude>
    <ClInclude Include="SDK\ItemSchema.h">
      <Filter>SDK</Filter>
    </ClInclude>
    <ClInclude Include="SDK\ConVar.h">
      <Filter>SDK</Filter>
    </ClInclude>
    <ClInclude Include="SDK\SoundInfo.h">
      <Filter>SDK</Filter>
    </ClInclude>
    <ClInclude Include="SDK\SoundEmitter.h">
      <Filter>SDK</Filter>
    </ClInclude>
    <ClInclude Include="SDK\PhysicsSurfaceProps.h">
      <Filter>SDK</Filter>
    </ClInclude>
    <ClInclude Include="SDK\WeaponData.h">
      <Filter>SDK</Filter>
    </ClInclude>
    <ClInclude Include="fnv.h">
      <Filter>Header Files</Filter>
    </ClInclude>
    <ClInclude Include="SDK\AnimState.h">
      <Filter>SDK</Filter>
    </ClInclude>
    <ClInclude Include="Hacks\AntiAim.h">
      <Filter>Hacks</Filter>
    </ClInclude>
    <ClInclude Include="SDK\matrix3x4.h">
      <Filter>SDK</Filter>
    </ClInclude>
    <ClInclude Include="SDK\RenderContext.h">
      <Filter>SDK</Filter>
    </ClInclude>
    <ClInclude Include="imguiCustom.h">
      <Filter>Header Files</Filter>
    </ClInclude>
    <ClInclude Include="imgui\imgui_stdlib.h">
      <Filter>imgui</Filter>
    </ClInclude>
    <ClInclude Include="SDK\GameMovement.h">
      <Filter>SDK</Filter>
    </ClInclude>
    <ClInclude Include="SDK\MoveHelper.h">
      <Filter>SDK</Filter>
    </ClInclude>
    <ClInclude Include="SDK\Prediction.h">
      <Filter>SDK</Filter>
    </ClInclude>
    <ClInclude Include="Hacks\EnginePrediction.h">
      <Filter>Hacks</Filter>
    </ClInclude>
    <ClInclude Include="SDK\StudioRender.h">
      <Filter>SDK</Filter>
    </ClInclude>
    <ClInclude Include="SDK\VirtualMethod.h">
      <Filter>SDK</Filter>
    </ClInclude>
    <ClInclude Include="SDK\Pad.h">
      <Filter>SDK</Filter>
    </ClInclude>
    <ClInclude Include="SDK\LocalPlayer.h">
      <Filter>SDK</Filter>
    </ClInclude>
    <ClInclude Include="SDK\KeyValues.h">
      <Filter>SDK</Filter>
    </ClInclude>
    <ClInclude Include="EventListener.h">
      <Filter>Header Files</Filter>
    </ClInclude>
    <ClInclude Include="ConfigStructs.h">
      <Filter>Header Files</Filter>
    </ClInclude>
    <ClInclude Include="SDK\WeaponSystem.h">
      <Filter>SDK</Filter>
    </ClInclude>
    <ClInclude Include="SDK\NetworkStringTable.h">
      <Filter>SDK</Filter>
    </ClInclude>
    <ClInclude Include="MinHook\MinHook.h">
      <Filter>MinHook</Filter>
    </ClInclude>
    <ClInclude Include="MinHook\hde\pstdint.h">
      <Filter>MinHook</Filter>
    </ClInclude>
    <ClInclude Include="MinHook\hde\table32.h">
      <Filter>MinHook</Filter>
    </ClInclude>
    <ClInclude Include="MinHook\hde\table64.h">
      <Filter>MinHook</Filter>
    </ClInclude>
    <ClInclude Include="MinHook\trampoline.h">
      <Filter>MinHook</Filter>
    </ClInclude>
    <ClInclude Include="MinHook\hde\hde32.h">
      <Filter>MinHook</Filter>
    </ClInclude>
    <ClInclude Include="MinHook\hde\hde64.h">
      <Filter>MinHook</Filter>
    </ClInclude>
    <ClInclude Include="MinHook\buffer.h">
      <Filter>MinHook</Filter>
    </ClInclude>
    <ClInclude Include="Hooks\VmtSwap.h">
      <Filter>Hooks</Filter>
    </ClInclude>
    <ClInclude Include="Hooks\MinHook.h">
      <Filter>Hooks</Filter>
    </ClInclude>
    <ClInclude Include="Hooks\VmtHook.h">
      <Filter>Hooks</Filter>
    </ClInclude>
    <ClInclude Include="SDK\Sound.h">
      <Filter>SDK</Filter>
    </ClInclude>
    <ClInclude Include="GameData.h">
      <Filter>Header Files</Filter>
    </ClInclude>
    <ClInclude Include="Hacks\StreamProofESP.h">
      <Filter>Hacks</Filter>
    </ClInclude>
    <ClInclude Include="Helpers.h">
      <Filter>Header Files</Filter>
    </ClInclude>
    <ClInclude Include="nlohmann\json.hpp">
      <Filter>nlohmann</Filter>
    </ClInclude>
    <ClInclude Include="SDK\Panorama.h">
      <Filter>SDK</Filter>
    </ClInclude>
    <ClInclude Include="SDK\Platform.h">
      <Filter>SDK</Filter>
    </ClInclude>
    <ClInclude Include="InputUtil.h">
      <Filter>Header Files</Filter>
    </ClInclude>
    <ClInclude Include="SDK\PlayerResource.h">
      <Filter>SDK</Filter>
    </ClInclude>
    <ClInclude Include="SDK\ViewRenderBeams.h">
      <Filter>SDK</Filter>
    </ClInclude>
    <ClInclude Include="stb_image.h">
      <Filter>Header Files</Filter>
    </ClInclude>
    <ClInclude Include="SDK\FileSystem.h">
      <Filter>SDK</Filter>
    </ClInclude>
    <ClInclude Include="Texture.h">
      <Filter>Header Files</Filter>
    </ClInclude>
    <ClInclude Include="SDK\Steam.h">
      <Filter>SDK</Filter>
    </ClInclude>
    <ClInclude Include="Resources\Resource.h">
      <Filter>Resources</Filter>
    </ClInclude>
    <ClInclude Include="Resources\avatar_ct.h">
      <Filter>Resources</Filter>
    </ClInclude>
    <ClInclude Include="Resources\avatar_tt.h">
      <Filter>Resources</Filter>
    </ClInclude>
    <ClInclude Include="SDK\ClientMode.h">
      <Filter>SDK</Filter>
    </ClInclude>
    <ClInclude Include="freetype\freetype\config\ftmodule.h">
      <Filter>freetype</Filter>
    </ClInclude>
    <ClInclude Include="freetype\freetype\config\ftoption.h">
      <Filter>freetype</Filter>
    </ClInclude>
    <ClInclude Include="imgui\imgui_freetype.h">
      <Filter>imgui</Filter>
    </ClInclude>
    <ClInclude Include="Hacks\Sound.h">
      <Filter>Hacks</Filter>
    </ClInclude>
    <ClInclude Include="JsonForward.h">
      <Filter>Header Files</Filter>
    </ClInclude>
    <ClInclude Include="SDK\Inconstructible.h">
      <Filter>SDK</Filter>
    </ClInclude>
    <ClInclude Include="pch.h">
      <Filter>Header Files</Filter>
    </ClInclude>
    <ClInclude Include="InventoryChanger\InventoryChanger.h">
      <Filter>InventoryChanger</Filter>
    </ClInclude>
    <ClInclude Include="InventoryChanger\StaticData.h">
      <Filter>InventoryChanger</Filter>
    </ClInclude>
    <ClInclude Include="InventoryChanger\Inventory.h">
      <Filter>InventoryChanger</Filter>
    </ClInclude>
    <ClInclude Include="ProtobufReader.h">
      <Filter>Header Files</Filter>
    </ClInclude>
    <ClInclude Include="InventoryChanger\ToolUser.h">
      <Filter>InventoryChanger</Filter>
    </ClInclude>
    <ClInclude Include="SDK\EconItemView.h">
      <Filter>SDK</Filter>
    </ClInclude>
    <ClInclude Include="SDK\PlantedC4.h">
      <Filter>SDK</Filter>
    </ClInclude>
    <ClInclude Include="SDK\UserMessages.h">
      <Filter>SDK</Filter>
    </ClInclude>
    <ClInclude Include="SDK\UtlMap.h">
      <Filter>SDK</Filter>
    </ClInclude>
    <ClInclude Include="SDK\UtlMemory.h">
      <Filter>SDK</Filter>
    </ClInclude>
    <ClInclude Include="SDK\UtlString.h">
      <Filter>SDK</Filter>
    </ClInclude>
    <ClInclude Include="InventoryChanger\ItemGenerator.h">
      <Filter>InventoryChanger</Filter>
    </ClInclude>
    <ClInclude Include="InventoryChanger\InventoryConfig.h">
      <Filter>InventoryChanger</Filter>
    </ClInclude>
    <ClInclude Include="InventoryChanger\TournamentMatches.h">
      <Filter>InventoryChanger</Filter>
    </ClInclude>
    <ClInclude Include="StringPool.h">
      <Filter>Header Files</Filter>
    </ClInclude>
    <ClInclude Include="SDK\KeyValuesSystem.h">
      <Filter>SDK</Filter>
    </ClInclude>
    <ClInclude Include="InventoryChanger\GameItems\Item.h">
      <Filter>InventoryChanger\GameItems</Filter>
    </ClInclude>
    <ClInclude Include="InventoryChanger\GameItems\Storage.h">
      <Filter>InventoryChanger\GameItems</Filter>
    </ClInclude>
    <ClInclude Include="InventoryChanger\GameItems\Lookup.h">
      <Filter>InventoryChanger\GameItems</Filter>
    </ClInclude>
  </ItemGroup>
  <ItemGroup>
    <FxCompile Include="Resources\Shaders\default_vs.hlsl">
      <Filter>Resources\Shaders</Filter>
    </FxCompile>
  </ItemGroup>
</Project>