<?xml version="1.0" encoding="utf-8"?>
<Project ToolsVersion="4.0" xmlns="http://schemas.microsoft.com/developer/msbuild/2003">
  <ItemGroup>
    <Filter Include="Source Files">
      <UniqueIdentifier>{4FC737F1-C7A5-4376-A066-2A32D752A2FF}</UniqueIdentifier>
      <Extensions>cpp;c;cc;cxx;def;odl;idl;hpj;bat;asm;asmx</Extensions>
    </Filter>
    <Filter Include="Header Files">
      <UniqueIdentifier>{93995380-89BD-4b04-88EB-625FBE52EBFB}</UniqueIdentifier>
      <Extensions>h;hh;hpp;hxx;hm;inl;inc;ipp;xsd</Extensions>
    </Filter>
    <Filter Include="imgui">
      <UniqueIdentifier>{8c56775f-e99a-4a14-b8c8-21f63aca4485}</UniqueIdentifier>
    </Filter>
    <Filter Include="SDK">
      <UniqueIdentifier>{6cc612f0-86fb-4bf6-b64a-74e10f5b498a}</UniqueIdentifier>
    </Filter>
    <Filter Include="Hacks">
      <UniqueIdentifier>{f60a2d6f-e07f-4f71-8db1-6ec82cf1f6d4}</UniqueIdentifier>
    </Filter>
    <Filter Include="nSkinz">
      <UniqueIdentifier>{6f9a1532-1c54-4497-8809-a84d6dfcb206}</UniqueIdentifier>
    </Filter>
    <Filter Include="json">
      <UniqueIdentifier>{a5ac10c7-4d96-4bca-80b2-b5e98f0d672a}</UniqueIdentifier>
    </Filter>
  </ItemGroup>
  <ItemGroup>
    <ClCompile Include="GUI.cpp">
      <Filter>Source Files</Filter>
    </ClCompile>
    <ClCompile Include="imgui\imgui.cpp">
      <Filter>imgui</Filter>
    </ClCompile>
    <ClCompile Include="imgui\imgui_demo.cpp">
      <Filter>imgui</Filter>
    </ClCompile>
    <ClCompile Include="imgui\imgui_draw.cpp">
      <Filter>imgui</Filter>
    </ClCompile>
    <ClCompile Include="imgui\imgui_impl_dx9.cpp">
      <Filter>imgui</Filter>
    </ClCompile>
    <ClCompile Include="imgui\imgui_impl_win32.cpp">
      <Filter>imgui</Filter>
    </ClCompile>
    <ClCompile Include="imgui\imgui_widgets.cpp">
      <Filter>imgui</Filter>
    </ClCompile>
    <ClCompile Include="Hooks.cpp">
      <Filter>Source Files</Filter>
    </ClCompile>
    <ClCompile Include="Memory.cpp">
      <Filter>Source Files</Filter>
    </ClCompile>
    <ClCompile Include="Config.cpp">
      <Filter>Source Files</Filter>
    </ClCompile>
    <ClCompile Include="Hacks\Misc.cpp">
      <Filter>Hacks</Filter>
    </ClCompile>
    <ClCompile Include="Osiris.cpp">
      <Filter>Source Files</Filter>
    </ClCompile>
    <ClCompile Include="Hacks\Glow.cpp">
      <Filter>Hacks</Filter>
    </ClCompile>
    <ClCompile Include="Hacks\Triggerbot.cpp">
      <Filter>Hacks</Filter>
    </ClCompile>
    <ClCompile Include="Hacks\Chams.cpp">
      <Filter>Hacks</Filter>
    </ClCompile>
    <ClCompile Include="Hacks\Aimbot.cpp">
      <Filter>Hacks</Filter>
    </ClCompile>
    <ClCompile Include="Netvars.cpp">
      <Filter>Source Files</Filter>
    </ClCompile>
    <ClCompile Include="Hacks\Visuals.cpp">
      <Filter>Hacks</Filter>
    </ClCompile>
    <ClCompile Include="Hacks\Esp.cpp">
      <Filter>Hacks</Filter>
    </ClCompile>
    <ClCompile Include="Hacks\SkinChanger.cpp">
      <Filter>Hacks</Filter>
    </ClCompile>
    <ClCompile Include="Hacks\Backtrack.cpp">
      <Filter>Hacks</Filter>
    </ClCompile>
    <ClCompile Include="SDK\GlobalVars.cpp">
      <Filter>SDK</Filter>
    </ClCompile>
    <ClCompile Include="nSkinz\config_.cpp">
      <Filter>nSkinz</Filter>
    </ClCompile>
    <ClCompile Include="nSkinz\item_definitions.cpp">
      <Filter>nSkinz</Filter>
    </ClCompile>
    <ClCompile Include="nSkinz\Utilities\Platform.cpp">
      <Filter>nSkinz</Filter>
    </ClCompile>
    <ClCompile Include="jsoncpp.cpp">
      <Filter>json</Filter>
    </ClCompile>
    <ClCompile Include="Hacks\AntiAim.cpp">
      <Filter>Hacks</Filter>
    </ClCompile>
    <ClCompile Include="Hacks\Reportbot.cpp">
      <Filter>Hacks</Filter>
    </ClCompile>
    <ClCompile Include="imguiCustom.cpp">
      <Filter>Source Files</Filter>
    </ClCompile>
    <ClCompile Include="imgui\imgui_stdlib.cpp">
      <Filter>imgui</Filter>
    </ClCompile>
    <ClCompile Include="Hacks\EnginePrediction.cpp">
      <Filter>Hacks</Filter>
    </ClCompile>
  </ItemGroup>
  <ItemGroup>
    <ClInclude Include="GUI.h">
      <Filter>Header Files</Filter>
    </ClInclude>
    <ClInclude Include="imgui\imconfig.h">
      <Filter>imgui</Filter>
    </ClInclude>
    <ClInclude Include="imgui\imgui.h">
      <Filter>imgui</Filter>
    </ClInclude>
    <ClInclude Include="imgui\imgui_impl_dx9.h">
      <Filter>imgui</Filter>
    </ClInclude>
    <ClInclude Include="imgui\imgui_impl_win32.h">
      <Filter>imgui</Filter>
    </ClInclude>
    <ClInclude Include="imgui\imgui_internal.h">
      <Filter>imgui</Filter>
    </ClInclude>
    <ClInclude Include="imgui\imstb_rectpack.h">
      <Filter>imgui</Filter>
    </ClInclude>
    <ClInclude Include="imgui\imstb_textedit.h">
      <Filter>imgui</Filter>
    </ClInclude>
    <ClInclude Include="imgui\imstb_truetype.h">
      <Filter>imgui</Filter>
    </ClInclude>
    <ClInclude Include="Hooks.h">
      <Filter>Header Files</Filter>
    </ClInclude>
    <ClInclude Include="Memory.h">
      <Filter>Header Files</Filter>
    </ClInclude>
    <ClInclude Include="Config.h">
      <Filter>Header Files</Filter>
    </ClInclude>
    <ClInclude Include="Interfaces.h">
      <Filter>Header Files</Filter>
    </ClInclude>
    <ClInclude Include="SDK\UserCmd.h">
      <Filter>SDK</Filter>
    </ClInclude>
    <ClInclude Include="SDK\Material.h">
      <Filter>SDK</Filter>
    </ClInclude>
    <ClInclude Include="SDK\Vector.h">
      <Filter>SDK</Filter>
    </ClInclude>
    <ClInclude Include="SDK\Input.h">
      <Filter>SDK</Filter>
    </ClInclude>
    <ClInclude Include="Hacks\Misc.h">
      <Filter>Hacks</Filter>
    </ClInclude>
    <ClInclude Include="SDK\UtlVector.h">
      <Filter>SDK</Filter>
    </ClInclude>
    <ClInclude Include="SDK\GlowObjectManager.h">
      <Filter>SDK</Filter>
    </ClInclude>
    <ClInclude Include="SDK\ClientClass.h">
      <Filter>SDK</Filter>
    </ClInclude>
    <ClInclude Include="SDK\Cvar.h">
      <Filter>SDK</Filter>
    </ClInclude>
    <ClInclude Include="Hacks\Glow.h">
      <Filter>Hacks</Filter>
    </ClInclude>
    <ClInclude Include="Hacks\Triggerbot.h">
      <Filter>Hacks</Filter>
    </ClInclude>
    <ClInclude Include="SDK\ModelRender.h">
      <Filter>SDK</Filter>
    </ClInclude>
    <ClInclude Include="SDK\MaterialSystem.h">
      <Filter>SDK</Filter>
    </ClInclude>
    <ClInclude Include="SDK\Utils.h">
      <Filter>SDK</Filter>
    </ClInclude>
    <ClInclude Include="Hacks\Chams.h">
      <Filter>Hacks</Filter>
    </ClInclude>
    <ClInclude Include="SDK\RenderView.h">
      <Filter>SDK</Filter>
    </ClInclude>
    <ClInclude Include="Hacks\Aimbot.h">
      <Filter>Hacks</Filter>
    </ClInclude>
    <ClInclude Include="SDK\Entity.h">
      <Filter>SDK</Filter>
    </ClInclude>
    <ClInclude Include="SDK\ClassId.h">
      <Filter>SDK</Filter>
    </ClInclude>
    <ClInclude Include="SDK\EntityList.h">
      <Filter>SDK</Filter>
    </ClInclude>
    <ClInclude Include="SDK\Engine.h">
      <Filter>SDK</Filter>
    </ClInclude>
    <ClInclude Include="SDK\InputSystem.h">
      <Filter>SDK</Filter>
    </ClInclude>
    <ClInclude Include="Netvars.h">
      <Filter>Header Files</Filter>
    </ClInclude>
    <ClInclude Include="SDK\Client.h">
      <Filter>SDK</Filter>
    </ClInclude>
    <ClInclude Include="SDK\Recv.h">
      <Filter>SDK</Filter>
    </ClInclude>
    <ClInclude Include="Hacks\Visuals.h">
      <Filter>Hacks</Filter>
    </ClInclude>
    <ClInclude Include="SDK\NetworkChannel.h">
      <Filter>SDK</Filter>
    </ClInclude>
    <ClInclude Include="SDK\GlobalVars.h">
      <Filter>SDK</Filter>
    </ClInclude>
    <ClInclude Include="SDK\WeaponId.h">
      <Filter>SDK</Filter>
    </ClInclude>
    <ClInclude Include="SDK\EngineTrace.h">
      <Filter>SDK</Filter>
    </ClInclude>
    <ClInclude Include="SDK\ModelInfo.h">
      <Filter>SDK</Filter>
    </ClInclude>
    <ClInclude Include="SDK\Panel.h">
      <Filter>SDK</Filter>
    </ClInclude>
    <ClInclude Include="SDK\Surface.h">
      <Filter>SDK</Filter>
    </ClInclude>
    <ClInclude Include="SDK\GameUI.h">
      <Filter>SDK</Filter>
    </ClInclude>
    <ClInclude Include="Hacks\Esp.h">
      <Filter>Hacks</Filter>
    </ClInclude>
    <ClInclude Include="Hacks\SkinChanger.h">
      <Filter>Hacks</Filter>
    </ClInclude>
    <ClInclude Include="SDK\FrameStage.h">
      <Filter>SDK</Filter>
    </ClInclude>
    <ClInclude Include="Hacks\Backtrack.h">
      <Filter>Hacks</Filter>
    </ClInclude>
    <ClInclude Include="SDK\VarMapping.h">
      <Filter>SDK</Filter>
    </ClInclude>
    <ClInclude Include="nSkinz\Utilities\Platform.hpp">
      <Filter>nSkinz</Filter>
    </ClInclude>
    <ClInclude Include="nSkinz\item_definitions.hpp">
      <Filter>nSkinz</Filter>
    </ClInclude>
    <ClInclude Include="nSkinz\config_.hpp">
      <Filter>nSkinz</Filter>
    </ClInclude>
    <ClInclude Include="SDK\Localize.h">
      <Filter>SDK</Filter>
    </ClInclude>
    <ClInclude Include="nSkinz\Utilities\vmt_smart_hook.hpp">
      <Filter>nSkinz</Filter>
    </ClInclude>
    <ClInclude Include="SDK\GameEvent.h">
      <Filter>SDK</Filter>
    </ClInclude>
    <ClInclude Include="SDK\ItemSchema.h">
      <Filter>SDK</Filter>
    </ClInclude>
    <ClInclude Include="SDK\ConVar.h">
      <Filter>SDK</Filter>
    </ClInclude>
    <ClInclude Include="json\json.h">
      <Filter>json</Filter>
    </ClInclude>
    <ClInclude Include="json\json-forwards.h">
      <Filter>json</Filter>
    </ClInclude>
    <ClInclude Include="SDK\SoundInfo.h">
      <Filter>SDK</Filter>
    </ClInclude>
    <ClInclude Include="SDK\SoundEmitter.h">
      <Filter>SDK</Filter>
    </ClInclude>
    <ClInclude Include="SDK\PhysicsSurfaceProps.h">
      <Filter>SDK</Filter>
    </ClInclude>
    <ClInclude Include="SDK\WeaponData.h">
      <Filter>SDK</Filter>
    </ClInclude>
    <ClInclude Include="fnv.h">
      <Filter>Header Files</Filter>
    </ClInclude>
    <ClInclude Include="SDK\AnimState.h">
      <Filter>SDK</Filter>
    </ClInclude>
    <ClInclude Include="Hacks\AntiAim.h">
      <Filter>Hacks</Filter>
    </ClInclude>
    <ClInclude Include="SDK\ResourceAccessControl.h">
      <Filter>SDK</Filter>
    </ClInclude>
    <ClInclude Include="Hacks\Reportbot.h">
      <Filter>Hacks</Filter>
    </ClInclude>
    <ClInclude Include="SDK\matrix3x4.h">
      <Filter>SDK</Filter>
    </ClInclude>
    <ClInclude Include="SDK\RenderContext.h">
      <Filter>SDK</Filter>
    </ClInclude>
    <ClInclude Include="imguiCustom.h">
      <Filter>Header Files</Filter>
    </ClInclude>
    <ClInclude Include="imgui\imgui_stdlib.h">
      <Filter>imgui</Filter>
    </ClInclude>
    <ClInclude Include="SDK\GameMovement.h">
      <Filter>SDK</Filter>
    </ClInclude>
    <ClInclude Include="SDK\MoveHelper.h">
      <Filter>SDK</Filter>
    </ClInclude>
    <ClInclude Include="SDK\Prediction.h">
      <Filter>SDK</Filter>
    </ClInclude>
    <ClInclude Include="Hacks\EnginePrediction.h">
      <Filter>Hacks</Filter>
    </ClInclude>
    <ClInclude Include="SDK\StudioRender.h">
      <Filter>SDK</Filter>
    </ClInclude>
    <ClInclude Include="SDK\VirtualMethod.h">
      <Filter>SDK</Filter>
    </ClInclude>
  </ItemGroup>
</Project>