<?xml version="1.0" encoding="utf-8"?>
<Project ToolsVersion="4.0" xmlns="http://schemas.microsoft.com/developer/msbuild/2003">
  <ItemGroup>
    <Filter Include="CS2">
      <UniqueIdentifier>{fe899935-4774-4b30-ac9c-b1a6055666e5}</UniqueIdentifier>
    </Filter>
    <Filter Include="CS2\Classes">
      <UniqueIdentifier>{5f3eb65d-765c-423a-81bb-84527b157b71}</UniqueIdentifier>
    </Filter>
    <Filter Include="CS2\Constants">
      <UniqueIdentifier>{d999d684-295e-4c04-b949-35386439cd84}</UniqueIdentifier>
    </Filter>
    <Filter Include="Features">
      <UniqueIdentifier>{bdcd13b6-e67e-43e7-b6b5-9898375770d4}</UniqueIdentifier>
    </Filter>
    <Filter Include="Features\Hud">
      <UniqueIdentifier>{d08ceb16-76e5-49ed-865a-f74883b720c3}</UniqueIdentifier>
    </Filter>
    <Filter Include="Features\Visuals">
      <UniqueIdentifier>{3ee30a31-8dbf-4608-8064-4c996ce05980}</UniqueIdentifier>
    </Filter>
    <Filter Include="Features\Visuals\ScopeOverlayRemover">
      <UniqueIdentifier>{ef89bed2-4c4f-4578-ab77-a71419bcaf71}</UniqueIdentifier>
    </Filter>
    <Filter Include="GameClasses">
      <UniqueIdentifier>{8f279e18-4344-42fb-8c01-6c773341568d}</UniqueIdentifier>
    </Filter>
    <Filter Include="GameClasses\Implementation">
      <UniqueIdentifier>{9d1f0b22-77bd-4a76-95aa-dc397050c4d8}</UniqueIdentifier>
    </Filter>
    <Filter Include="GameClasses\OffsetTypes">
      <UniqueIdentifier>{329c6712-55b5-4e74-a86b-9ec2134ff40a}</UniqueIdentifier>
    </Filter>
    <Filter Include="Helpers">
      <UniqueIdentifier>{eaf12914-2d12-4935-aab3-1491b8021bd6}</UniqueIdentifier>
    </Filter>
    <Filter Include="Hooks">
      <UniqueIdentifier>{1ee84f1c-3411-4068-816f-186260cb390d}</UniqueIdentifier>
    </Filter>
    <Filter Include="MemoryAllocation">
      <UniqueIdentifier>{a7c6f0cc-33af-4b84-bc2e-b475218c32db}</UniqueIdentifier>
    </Filter>
    <Filter Include="MemoryPatterns">
      <UniqueIdentifier>{7ab4346b-d402-48a8-9590-aca3b0f0be40}</UniqueIdentifier>
    </Filter>
    <Filter Include="MemoryPatterns\Windows">
      <UniqueIdentifier>{cf6b4008-917e-4941-ba38-2e6810674d66}</UniqueIdentifier>
    </Filter>
    <Filter Include="MemoryPatterns\Linux">
      <UniqueIdentifier>{ec0543de-bdca-4e9a-9a8b-68c6f3d2d7e4}</UniqueIdentifier>
    </Filter>
    <Filter Include="Platform">
      <UniqueIdentifier>{5d3b276e-b98d-470f-be8c-733cb1e03f76}</UniqueIdentifier>
    </Filter>
    <Filter Include="Platform\Linux">
      <UniqueIdentifier>{e6253e28-e425-407b-b7d6-96249af4e192}</UniqueIdentifier>
    </Filter>
    <Filter Include="Platform\Windows">
      <UniqueIdentifier>{151d7c38-8452-494d-aef9-a83eb5c3e654}</UniqueIdentifier>
    </Filter>
    <Filter Include="Platform\Windows\DLLs">
      <UniqueIdentifier>{f55814bc-f553-43fb-9618-c44c4123147c}</UniqueIdentifier>
    </Filter>
    <Filter Include="Platform\Macros">
      <UniqueIdentifier>{b9abe2b4-4d35-4caa-9dc3-048c23269180}</UniqueIdentifier>
    </Filter>
    <Filter Include="UI">
      <UniqueIdentifier>{2bc1aec8-532c-4e08-91ab-fef64934fdcd}</UniqueIdentifier>
    </Filter>
    <Filter Include="UI\Panorama">
      <UniqueIdentifier>{dc1b255e-c46b-4a72-a232-f6fdcc600f74}</UniqueIdentifier>
    </Filter>
    <Filter Include="Utils">
      <UniqueIdentifier>{db8414f0-eeaf-42ef-86d3-9f0ae024684a}</UniqueIdentifier>
    </Filter>
    <Filter Include="Verification">
      <UniqueIdentifier>{16a25d9c-a41e-4392-919b-8705cd5259cd}</UniqueIdentifier>
    </Filter>
    <Filter Include="Vmt">
      <UniqueIdentifier>{55a59ab3-797b-4ca6-b4aa-307861d4ae1a}</UniqueIdentifier>
    </Filter>
    <Filter Include="MemorySearch">
      <UniqueIdentifier>{28ecac3b-05f9-44d1-86cb-50d8fe91ff36}</UniqueIdentifier>
    </Filter>
    <Filter Include="GameDLLs">
      <UniqueIdentifier>{b8552b92-9c5f-4168-bd92-43404a4af17e}</UniqueIdentifier>
    </Filter>
    <Filter Include="FeatureHelpers">
      <UniqueIdentifier>{60a8534c-f923-48e7-a211-854c06b1456e}</UniqueIdentifier>
    </Filter>
    <Filter Include="Features\Sound">
      <UniqueIdentifier>{432df53f-506f-470e-af2c-7155e3d4f03c}</UniqueIdentifier>
    </Filter>
    <Filter Include="FeatureHelpers\Sound">
      <UniqueIdentifier>{19a86d00-8a7b-4184-9119-96ec0b26c501}</UniqueIdentifier>
    </Filter>
    <Filter Include="FeatureHelpers\Hud">
      <UniqueIdentifier>{7a55ce58-0ac3-4a7f-817d-46121c678167}</UniqueIdentifier>
    </Filter>
    <Filter Include="Platform\Windows\RTTI">
      <UniqueIdentifier>{3908a784-03e1-437a-97b7-7479673278cc}</UniqueIdentifier>
    </Filter>
    <Filter Include="FeatureHelpers\Visuals">
      <UniqueIdentifier>{1511f056-4a2b-4e6c-b5dc-3706343f42f0}</UniqueIdentifier>
    </Filter>
  </ItemGroup>
  <ItemGroup>
    <ClInclude Include="CS2\Classes\C_CSGameRules.h">
      <Filter>CS2\Classes</Filter>
    </ClInclude>
    <ClInclude Include="CS2\Classes\ClientModeCSNormal.h">
      <Filter>CS2\Classes</Filter>
    </ClInclude>
    <ClInclude Include="CS2\Classes\CLoopModeGame.h">
      <Filter>CS2\Classes</Filter>
    </ClInclude>
    <ClInclude Include="CS2\Classes\Color.h">
      <Filter>CS2\Classes</Filter>
    </ClInclude>
    <ClInclude Include="CS2\Classes\CPlantedC4.h">
      <Filter>CS2\Classes</Filter>
    </ClInclude>
    <ClInclude Include="CS2\Classes\CUtlVector.h">
      <Filter>CS2\Classes</Filter>
    </ClInclude>
    <ClInclude Include="CS2\Classes\GlobalVars.h">
      <Filter>CS2\Classes</Filter>
    </ClInclude>
    <ClInclude Include="CS2\Classes\Panorama.h">
      <Filter>CS2\Classes</Filter>
    </ClInclude>
    <ClInclude Include="CS2\Constants\BombSiteIndex.h">
      <Filter>CS2\Constants</Filter>
    </ClInclude>
    <ClInclude Include="CS2\Constants\DllNames.h">
      <Filter>CS2\Constants</Filter>
    </ClInclude>
    <ClInclude Include="CS2\Constants\EntityHandle.h">
      <Filter>CS2\Constants</Filter>
    </ClInclude>
    <ClInclude Include="CS2\Constants\PanelIDs.h">
      <Filter>CS2\Constants</Filter>
    </ClInclude>
    <ClInclude Include="Features\Features.h">
      <Filter>Features</Filter>
    </ClInclude>
    <ClInclude Include="Features\Hud\BombTimer.h">
      <Filter>Features\Hud</Filter>
    </ClInclude>
    <ClInclude Include="Features\Hud\DefusingAlert.h">
      <Filter>Features\Hud</Filter>
    </ClInclude>
    <ClInclude Include="Features\Hud\HudFeatures.h">
      <Filter>Features\Hud</Filter>
    </ClInclude>
    <ClInclude Include="Features\Hud\KillfeedPreserver.h">
      <Filter>Features\Hud</Filter>
    </ClInclude>
    <ClInclude Include="Features\Visuals\VisualFeatures.h">
      <Filter>Features\Visuals</Filter>
    </ClInclude>
    <ClInclude Include="Features\Visuals\ScopeOverlayRemover\HudScopePanels.h">
      <Filter>Features\Visuals\ScopeOverlayRemover</Filter>
    </ClInclude>
    <ClInclude Include="Features\Visuals\ScopeOverlayRemover\ScopeOverlayRemover.h">
      <Filter>Features\Visuals\ScopeOverlayRemover</Filter>
    </ClInclude>
    <ClInclude Include="GameClasses\ClientMode.h">
      <Filter>GameClasses</Filter>
    </ClInclude>
    <ClInclude Include="GameClasses\GameRules.h">
      <Filter>GameClasses</Filter>
    </ClInclude>
    <ClInclude Include="GameClasses\PanelStyle.h">
      <Filter>GameClasses</Filter>
    </ClInclude>
    <ClInclude Include="GameClasses\PanoramaImagePanel.h">
      <Filter>GameClasses</Filter>
    </ClInclude>
    <ClInclude Include="GameClasses\PanoramaLabel.h">
      <Filter>GameClasses</Filter>
    </ClInclude>
    <ClInclude Include="GameClasses\PanoramaUiEngine.h">
      <Filter>GameClasses</Filter>
    </ClInclude>
    <ClInclude Include="GameClasses\PanoramaUiPanel.h">
      <Filter>GameClasses</Filter>
    </ClInclude>
    <ClInclude Include="GameClasses\PlantedC4.h">
      <Filter>GameClasses</Filter>
    </ClInclude>
    <ClInclude Include="GameClasses\Implementation\ClientModeImpl.h">
      <Filter>GameClasses\Implementation</Filter>
    </ClInclude>
    <ClInclude Include="GameClasses\Implementation\GameClassImplementationInstances.h">
      <Filter>GameClasses\Implementation</Filter>
    </ClInclude>
    <ClInclude Include="GameClasses\Implementation\GameClassImplementations.h">
      <Filter>GameClasses\Implementation</Filter>
    </ClInclude>
    <ClInclude Include="GameClasses\Implementation\GameRulesImpl.h">
      <Filter>GameClasses\Implementation</Filter>
    </ClInclude>
    <ClInclude Include="GameClasses\Implementation\PanoramaImagePanelImpl.h">
      <Filter>GameClasses\Implementation</Filter>
    </ClInclude>
    <ClInclude Include="GameClasses\Implementation\PanoramaLabelImpl.h">
      <Filter>GameClasses\Implementation</Filter>
    </ClInclude>
    <ClInclude Include="GameClasses\Implementation\PanoramaUiEngineImpl.h">
      <Filter>GameClasses\Implementation</Filter>
    </ClInclude>
    <ClInclude Include="GameClasses\Implementation\PanoramaUiPanelImpl.h">
      <Filter>GameClasses\Implementation</Filter>
    </ClInclude>
    <ClInclude Include="GameClasses\Implementation\PlantedC4Impl.h">
      <Filter>GameClasses\Implementation</Filter>
    </ClInclude>
    <ClInclude Include="GameClasses\OffsetTypes\ClientModeOffset.h">
      <Filter>GameClasses\OffsetTypes</Filter>
    </ClInclude>
    <ClInclude Include="GameClasses\OffsetTypes\GameRulesOffset.h">
      <Filter>GameClasses\OffsetTypes</Filter>
    </ClInclude>
    <ClInclude Include="GameClasses\OffsetTypes\PanoramaUiPanelOffset.h">
      <Filter>GameClasses\OffsetTypes</Filter>
    </ClInclude>
    <ClInclude Include="GameClasses\OffsetTypes\PlantedC4Offset.h">
      <Filter>GameClasses\OffsetTypes</Filter>
    </ClInclude>
    <ClInclude Include="Helpers\Bits.h">
      <Filter>Helpers</Filter>
    </ClInclude>
    <ClInclude Include="Helpers\HudProvider.h">
      <Filter>Helpers</Filter>
    </ClInclude>
    <ClInclude Include="Helpers\PanoramaPanelPointer.h">
      <Filter>Helpers</Filter>
    </ClInclude>
    <ClInclude Include="Helpers\PatternNotFoundLogger.h">
      <Filter>Helpers</Filter>
    </ClInclude>
    <ClInclude Include="Helpers\PlantedC4Provider.h">
      <Filter>Helpers</Filter>
    </ClInclude>
    <ClInclude Include="Helpers\UnloadFlag.h">
      <Filter>Helpers</Filter>
    </ClInclude>
    <ClInclude Include="Hooks\LoopModeGameHook.h">
      <Filter>Hooks</Filter>
    </ClInclude>
    <ClInclude Include="Hooks\PeepEventsHook.h">
      <Filter>Hooks</Filter>
    </ClInclude>
    <ClInclude Include="MemoryAllocation\FreeMemoryRegion.h">
      <Filter>MemoryAllocation</Filter>
    </ClInclude>
    <ClInclude Include="MemoryAllocation\FreeMemoryRegionList.h">
      <Filter>MemoryAllocation</Filter>
    </ClInclude>
    <ClInclude Include="MemoryAllocation\MemoryAllocator.h">
      <Filter>MemoryAllocation</Filter>
    </ClInclude>
    <ClInclude Include="MemoryAllocation\MemoryAllocatorBase.h">
      <Filter>MemoryAllocation</Filter>
    </ClInclude>
    <ClInclude Include="MemoryAllocation\MemoryDeleter.h">
      <Filter>MemoryAllocation</Filter>
    </ClInclude>
    <ClInclude Include="MemoryAllocation\UniquePtr.h">
      <Filter>MemoryAllocation</Filter>
    </ClInclude>
    <ClInclude Include="MemoryPatterns\ClientModePatterns.h">
      <Filter>MemoryPatterns</Filter>
    </ClInclude>
    <ClInclude Include="MemoryPatterns\ClientPatterns.h">
      <Filter>MemoryPatterns</Filter>
    </ClInclude>
    <ClInclude Include="MemoryPatterns\GameRulesPatterns.h">
      <Filter>MemoryPatterns</Filter>
    </ClInclude>
    <ClInclude Include="MemoryPatterns\PanoramaImagePanelPatterns.h">
      <Filter>MemoryPatterns</Filter>
    </ClInclude>
    <ClInclude Include="MemoryPatterns\PanoramaLabelPatterns.h">
      <Filter>MemoryPatterns</Filter>
    </ClInclude>
    <ClInclude Include="MemoryPatterns\PanoramaUiEnginePatterns.h">
      <Filter>MemoryPatterns</Filter>
    </ClInclude>
    <ClInclude Include="MemoryPatterns\PanoramaUiPanelPatterns.h">
      <Filter>MemoryPatterns</Filter>
    </ClInclude>
    <ClInclude Include="MemoryPatterns\PlantedC4Patterns.h">
      <Filter>MemoryPatterns</Filter>
    </ClInclude>
    <ClInclude Include="MemoryPatterns\Windows\ClientModePatternsWindows.h">
      <Filter>MemoryPatterns\Windows</Filter>
    </ClInclude>
    <ClInclude Include="MemoryPatterns\Windows\ClientPatternsWindows.h">
      <Filter>MemoryPatterns\Windows</Filter>
    </ClInclude>
    <ClInclude Include="MemoryPatterns\Windows\GameRulesPatternsWindows.h">
      <Filter>MemoryPatterns\Windows</Filter>
    </ClInclude>
    <ClInclude Include="MemoryPatterns\Windows\PanoramaImagePanelPatternsWindows.h">
      <Filter>MemoryPatterns\Windows</Filter>
    </ClInclude>
    <ClInclude Include="MemoryPatterns\Windows\PanoramaLabelPatternsWindows.h">
      <Filter>MemoryPatterns\Windows</Filter>
    </ClInclude>
    <ClInclude Include="MemoryPatterns\Windows\PanoramaUiEnginePatternsWindows.h">
      <Filter>MemoryPatterns\Windows</Filter>
    </ClInclude>
    <ClInclude Include="MemoryPatterns\Windows\PanoramaUiPanelPatternsWindows.h">
      <Filter>MemoryPatterns\Windows</Filter>
    </ClInclude>
    <ClInclude Include="MemoryPatterns\Windows\PlantedC4PatternsWindows.h">
      <Filter>MemoryPatterns\Windows</Filter>
    </ClInclude>
    <ClInclude Include="MemoryPatterns\Windows\WindowsPatterns.h">
      <Filter>MemoryPatterns\Windows</Filter>
    </ClInclude>
    <ClInclude Include="MemoryPatterns\Linux\ClientModePatternsLinux.h">
      <Filter>MemoryPatterns\Linux</Filter>
    </ClInclude>
    <ClInclude Include="MemoryPatterns\Linux\ClientPatternsLinux.h">
      <Filter>MemoryPatterns\Linux</Filter>
    </ClInclude>
    <ClInclude Include="MemoryPatterns\Linux\GameRulesPatternsLinux.h">
      <Filter>MemoryPatterns\Linux</Filter>
    </ClInclude>
    <ClInclude Include="MemoryPatterns\Linux\LinuxPatterns.h">
      <Filter>MemoryPatterns\Linux</Filter>
    </ClInclude>
    <ClInclude Include="MemoryPatterns\Linux\PanoramaImagePanelPatternsLinux.h">
      <Filter>MemoryPatterns\Linux</Filter>
    </ClInclude>
    <ClInclude Include="MemoryPatterns\Linux\PanoramaLabelPatternsLinux.h">
      <Filter>MemoryPatterns\Linux</Filter>
    </ClInclude>
    <ClInclude Include="MemoryPatterns\Linux\PanoramaUiEnginePatternsLinux.h">
      <Filter>MemoryPatterns\Linux</Filter>
    </ClInclude>
    <ClInclude Include="MemoryPatterns\Linux\PanoramaUiPanelPatternsLinux.h">
      <Filter>MemoryPatterns\Linux</Filter>
    </ClInclude>
    <ClInclude Include="MemoryPatterns\Linux\PlantedC4PatternsLinux.h">
      <Filter>MemoryPatterns\Linux</Filter>
    </ClInclude>
    <ClInclude Include="Platform\Linux\LinuxDynamicLibrary.h">
      <Filter>Platform\Linux</Filter>
    </ClInclude>
    <ClInclude Include="Platform\Linux\LinuxMessageBox.h">
      <Filter>Platform\Linux</Filter>
    </ClInclude>
    <ClInclude Include="Platform\Linux\LinuxPlatformApi.h">
      <Filter>Platform\Linux</Filter>
    </ClInclude>
    <ClInclude Include="Platform\Linux\UserHomeFolderPath.h">
      <Filter>Platform\Linux</Filter>
    </ClInclude>
    <ClInclude Include="Platform\Windows\CoTaskMemDeleter.h">
      <Filter>Platform\Windows</Filter>
    </ClInclude>
    <ClInclude Include="Platform\Windows\PebLdr.h">
      <Filter>Platform\Windows</Filter>
    </ClInclude>
    <ClInclude Include="Platform\Windows\PortableExecutable.h">
      <Filter>Platform\Windows</Filter>
    </ClInclude>
    <ClInclude Include="Platform\Windows\UserDocumentsFolderPath.h">
      <Filter>Platform\Windows</Filter>
    </ClInclude>
    <ClInclude Include="Platform\Windows\Win.h">
      <Filter>Platform\Windows</Filter>
    </ClInclude>
    <ClInclude Include="Platform\Windows\WindowsDynamicLibrary.h">
      <Filter>Platform\Windows</Filter>
    </ClInclude>
    <ClInclude Include="Platform\Windows\WindowsMessageBox.h">
      <Filter>Platform\Windows</Filter>
    </ClInclude>
    <ClInclude Include="Platform\Windows\WindowsPlatformApi.h">
      <Filter>Platform\Windows</Filter>
    </ClInclude>
    <ClInclude Include="Platform\Windows\DLLs\CombaseDll.h">
      <Filter>Platform\Windows\DLLs</Filter>
    </ClInclude>
    <ClInclude Include="Platform\Windows\DLLs\Shell32Dll.h">
      <Filter>Platform\Windows\DLLs</Filter>
    </ClInclude>
    <ClInclude Include="Platform\Macros\CallingConventions.h">
      <Filter>Platform\Macros</Filter>
    </ClInclude>
    <ClInclude Include="Platform\Macros\CallStack.h">
      <Filter>Platform\Macros</Filter>
    </ClInclude>
    <ClInclude Include="Platform\Macros\IsPlatform.h">
      <Filter>Platform\Macros</Filter>
    </ClInclude>
    <ClInclude Include="Platform\Macros\PlatformSpecific.h">
      <Filter>Platform\Macros</Filter>
    </ClInclude>
    <ClInclude Include="Platform\DynamicLibrary.h">
      <Filter>Platform</Filter>
    </ClInclude>
    <ClInclude Include="Platform\PlatformApi.h">
      <Filter>Platform</Filter>
    </ClInclude>
    <ClInclude Include="Platform\SimpleMessageBox.h">
      <Filter>Platform</Filter>
    </ClInclude>
    <ClInclude Include="Platform\TypeInfoPrecedingVmt.h">
      <Filter>Platform</Filter>
    </ClInclude>
    <ClInclude Include="UI\Panorama\PanoramaCommandDispatcher.h">
      <Filter>UI\Panorama</Filter>
    </ClInclude>
    <ClInclude Include="UI\Panorama\PanoramaGUI.h">
      <Filter>UI\Panorama</Filter>
    </ClInclude>
    <ClInclude Include="UI\Panorama\SetCommandHandler.h">
      <Filter>UI\Panorama</Filter>
    </ClInclude>
    <ClInclude Include="Utils\Align.h">
      <Filter>Utils</Filter>
    </ClInclude>
    <ClInclude Include="Utils\CharUtils.h">
      <Filter>Utils</Filter>
    </ClInclude>
    <ClInclude Include="Utils\FieldOffset.h">
      <Filter>Utils</Filter>
    </ClInclude>
    <ClInclude Include="Utils\FlagsBuilder.h">
      <Filter>Utils</Filter>
    </ClInclude>
    <ClInclude Include="Utils\GenericFunctionPointer.h">
      <Filter>Utils</Filter>
    </ClInclude>
    <ClInclude Include="Utils\HexChars.h">
      <Filter>Utils</Filter>
    </ClInclude>
    <ClInclude Include="Utils\ManuallyDestructible.h">
      <Filter>Utils</Filter>
    </ClInclude>
    <ClInclude Include="Utils\MemorySection.h">
      <Filter>Utils</Filter>
    </ClInclude>
    <ClInclude Include="Utils\Pad.h">
      <Filter>Utils</Filter>
    </ClInclude>
    <ClInclude Include="Utils\RefCountedHook.h">
      <Filter>Utils</Filter>
    </ClInclude>
    <ClInclude Include="Utils\ReturnAddress.h">
      <Filter>Utils</Filter>
    </ClInclude>
    <ClInclude Include="Utils\SafeAddress.h">
      <Filter>Utils</Filter>
    </ClInclude>
    <ClInclude Include="Utils\SpanSlice.h">
      <Filter>Utils</Filter>
    </ClInclude>
    <ClInclude Include="Utils\StringBuilder.h">
      <Filter>Utils</Filter>
    </ClInclude>
    <ClInclude Include="Utils\StringParser.h">
      <Filter>Utils</Filter>
    </ClInclude>
    <ClInclude Include="Verification\Verifier.h">
      <Filter>Verification</Filter>
    </ClInclude>
    <ClInclude Include="Verification\VerifyMacros.h">
      <Filter>Verification</Filter>
    </ClInclude>
    <ClInclude Include="Vmt\VmtCopy.h">
      <Filter>Vmt</Filter>
    </ClInclude>
    <ClInclude Include="Vmt\VmtLength.h">
      <Filter>Vmt</Filter>
    </ClInclude>
    <ClInclude Include="Vmt\VmtLengthCalculator.h">
      <Filter>Vmt</Filter>
    </ClInclude>
    <ClInclude Include="Vmt\VmtSwapper.h">
      <Filter>Vmt</Filter>
    </ClInclude>
    <ClInclude Include="Endpoints.h" />
    <ClInclude Include="GlobalContext.h" />
    <ClInclude Include="Platform\Macros\IsCompiler.h">
      <Filter>Platform\Macros</Filter>
    </ClInclude>
    <ClInclude Include="Platform\Macros\FunctionAttributes.h">
      <Filter>Platform\Macros</Filter>
    </ClInclude>
    <ClInclude Include="MemorySearch\BytePattern.h">
      <Filter>MemorySearch</Filter>
    </ClInclude>
    <ClInclude Include="MemorySearch\BytePatternConverter.h">
      <Filter>MemorySearch</Filter>
    </ClInclude>
    <ClInclude Include="MemorySearch\BytePatternLiteral.h">
      <Filter>MemorySearch</Filter>
    </ClInclude>
    <ClInclude Include="MemorySearch\BytePatternStorage.h">
      <Filter>MemorySearch</Filter>
    </ClInclude>
    <ClInclude Include="MemorySearch\HybridPatternFinder.h">
      <Filter>MemorySearch</Filter>
    </ClInclude>
    <ClInclude Include="MemorySearch\PatternFinder.h">
      <Filter>MemorySearch</Filter>
    </ClInclude>
    <ClInclude Include="MemorySearch\PatternFinderScalar.h">
      <Filter>MemorySearch</Filter>
    </ClInclude>
    <ClInclude Include="MemorySearch\PatternFinderSIMD.h">
      <Filter>MemorySearch</Filter>
    </ClInclude>
    <ClInclude Include="BuildConfig.h" />
    <ClInclude Include="GameClasses\MemAlloc.h">
      <Filter>GameClasses</Filter>
    </ClInclude>
    <ClInclude Include="GameClasses\Implementation\MemAllocImpl.h">
      <Filter>GameClasses\Implementation</Filter>
    </ClInclude>
    <ClInclude Include="MemoryPatterns\MemAllocPatterns.h">
      <Filter>MemoryPatterns</Filter>
    </ClInclude>
    <ClInclude Include="CS2\Classes\IMemAlloc.h">
      <Filter>CS2\Classes</Filter>
    </ClInclude>
    <ClInclude Include="MemoryPatterns\Windows\MemAllocPatternsWindows.h">
      <Filter>MemoryPatterns\Windows</Filter>
    </ClInclude>
    <ClInclude Include="MemoryPatterns\Linux\MemAllocPatternsLinux.h">
      <Filter>MemoryPatterns\Linux</Filter>
    </ClInclude>
    <ClInclude Include="Helpers\PanoramaTransformFactory.h">
      <Filter>Helpers</Filter>
    </ClInclude>
    <ClInclude Include="CS2\Classes\CViewRender.h">
      <Filter>CS2\Classes</Filter>
    </ClInclude>
    <ClInclude Include="CS2\Classes\VMatrix.h">
      <Filter>CS2\Classes</Filter>
    </ClInclude>
    <ClInclude Include="CS2\Classes\Vector.h">
      <Filter>CS2\Classes</Filter>
    </ClInclude>
    <ClInclude Include="Hooks\ViewRenderHook.h">
      <Filter>Hooks</Filter>
    </ClInclude>
    <ClInclude Include="Hooks\Hooks.h">
      <Filter>Hooks</Filter>
    </ClInclude>
    <ClInclude Include="CS2\Classes\CUtlFilenameSymbolTable.h">
      <Filter>CS2\Classes</Filter>
    </ClInclude>
    <ClInclude Include="GameDLLs\Tier0Dll.h">
      <Filter>GameDLLs</Filter>
    </ClInclude>
    <ClInclude Include="CS2\Classes\FileSystem.h">
      <Filter>CS2\Classes</Filter>
    </ClInclude>
    <ClInclude Include="MemoryPatterns\FileSystemPatterns.h">
      <Filter>MemoryPatterns</Filter>
    </ClInclude>
    <ClInclude Include="MemoryPatterns\Linux\FileSystemPatternsLinux.h">
      <Filter>MemoryPatterns\Linux</Filter>
    </ClInclude>
    <ClInclude Include="MemoryPatterns\Windows\FileSystemPatternsWindows.h">
      <Filter>MemoryPatterns\Windows</Filter>
    </ClInclude>
    <ClInclude Include="GameClasses\OffsetTypes\FileSystemOffset.h">
      <Filter>GameClasses\OffsetTypes</Filter>
    </ClInclude>
    <ClInclude Include="GameClasses\Implementation\FileSystemImpl.h">
      <Filter>GameClasses\Implementation</Filter>
    </ClInclude>
    <ClInclude Include="GameClasses\FileSystem.h">
      <Filter>GameClasses</Filter>
    </ClInclude>
    <ClInclude Include="CS2\Classes\Sound.h">
      <Filter>CS2\Classes</Filter>
    </ClInclude>
    <ClInclude Include="MemoryPatterns\SoundSystemPatterns.h">
      <Filter>MemoryPatterns</Filter>
    </ClInclude>
    <ClInclude Include="MemoryPatterns\Windows\SoundSystemPatternsWindows.h">
      <Filter>MemoryPatterns\Windows</Filter>
    </ClInclude>
    <ClInclude Include="MemoryPatterns\Linux\SoundSystemPatternsLinux.h">
      <Filter>MemoryPatterns\Linux</Filter>
    </ClInclude>
    <ClInclude Include="FeatureHelpers\TogglableFeature.h">
      <Filter>FeatureHelpers</Filter>
    </ClInclude>
    <ClInclude Include="FeatureHelpers\NormalizedDeviceCoordinates.h">
      <Filter>FeatureHelpers</Filter>
    </ClInclude>
    <ClInclude Include="FeatureHelpers\ClipSpaceCoordinates.h">
      <Filter>FeatureHelpers</Filter>
    </ClInclude>
    <ClInclude Include="FeatureHelpers\WorldToClipSpaceConverter.h">
      <Filter>FeatureHelpers</Filter>
    </ClInclude>
    <ClInclude Include="CS2\Constants\SoundNames.h">
      <Filter>CS2\Constants</Filter>
    </ClInclude>
    <ClInclude Include="GameClasses\Implementation\FileNameSymbolTableImpl.h">
      <Filter>GameClasses\Implementation</Filter>
    </ClInclude>
    <ClInclude Include="GameClasses\FileNameSymbolTable.h">
      <Filter>GameClasses</Filter>
    </ClInclude>
    <ClInclude Include="Features\Sound\FootstepVisualizer.h">
      <Filter>Features\Sound</Filter>
    </ClInclude>
    <ClInclude Include="Features\Sound\SoundFeatures.h">
      <Filter>Features\Sound</Filter>
    </ClInclude>
    <ClInclude Include="Utils\LazyInitialized.h">
      <Filter>Utils</Filter>
    </ClInclude>
    <ClInclude Include="FeatureHelpers\GlobalVarsProvider.h">
      <Filter>FeatureHelpers</Filter>
    </ClInclude>
    <ClInclude Include="Utils\DynamicArray.h">
      <Filter>Utils</Filter>
    </ClInclude>
    <ClInclude Include="Utils\BitFlags.h">
      <Filter>Utils</Filter>
    </ClInclude>
    <ClInclude Include="FeatureHelpers\Sound\WatchedSounds.h">
      <Filter>FeatureHelpers\Sound</Filter>
    </ClInclude>
    <ClInclude Include="Features\Sound\BombPlantVisualizer.h">
      <Filter>Features\Sound</Filter>
    </ClInclude>
    <ClInclude Include="FeatureHelpers\Sound\PlayedSound.h">
      <Filter>FeatureHelpers\Sound</Filter>
    </ClInclude>
    <ClInclude Include="FeatureHelpers\Sound\SoundWatcher.h">
      <Filter>FeatureHelpers\Sound</Filter>
    </ClInclude>
    <ClInclude Include="GameClasses\Panel.h">
      <Filter>GameClasses</Filter>
    </ClInclude>
    <ClInclude Include="MemoryPatterns\PanelPatterns.h">
      <Filter>MemoryPatterns</Filter>
    </ClInclude>
    <ClInclude Include="MemoryPatterns\Windows\PanelPatternsWindows.h">
      <Filter>MemoryPatterns\Windows</Filter>
    </ClInclude>
    <ClInclude Include="GameClasses\Implementation\PanelImpl.h">
      <Filter>GameClasses\Implementation</Filter>
    </ClInclude>
    <ClInclude Include="MemoryPatterns\Linux\PanelPatternsLinux.h">
      <Filter>MemoryPatterns\Linux</Filter>
    </ClInclude>
    <ClInclude Include="FeatureHelpers\HudInWorldPanelFactory.h">
      <Filter>FeatureHelpers</Filter>
    </ClInclude>
    <ClInclude Include="FeatureHelpers\FeatureHelpers.h">
      <Filter>FeatureHelpers</Filter>
    </ClInclude>
    <ClInclude Include="FeatureHelpers\Sound\BombPlantSound.h">
      <Filter>FeatureHelpers\Sound</Filter>
    </ClInclude>
    <ClInclude Include="FeatureHelpers\Sound\FootstepSound.h">
      <Filter>FeatureHelpers\Sound</Filter>
    </ClInclude>
    <ClInclude Include="FeatureHelpers\Hud\BombTimerHelpers.h">
      <Filter>FeatureHelpers\Hud</Filter>
    </ClInclude>
    <ClInclude Include="FeatureHelpers\Hud\DefusingAlertHelpers.h">
      <Filter>FeatureHelpers\Hud</Filter>
    </ClInclude>
    <ClInclude Include="FeatureHelpers\Hud\KillfeedPreserverHelpers.h">
      <Filter>FeatureHelpers\Hud</Filter>
    </ClInclude>
    <ClInclude Include="Utils\TypeBitFlags.h">
      <Filter>Utils</Filter>
    </ClInclude>
    <ClInclude Include="FeatureHelpers\Sound\SoundWatcherImpl.h">
      <Filter>FeatureHelpers\Sound</Filter>
    </ClInclude>
    <ClInclude Include="Utils\TypeIndex.h">
      <Filter>Utils</Filter>
    </ClInclude>
    <ClInclude Include="FeatureHelpers\Sound\SoundExpiryChecker.h">
      <Filter>FeatureHelpers\Sound</Filter>
    </ClInclude>
    <ClInclude Include="FeatureHelpers\Sound\BombBeepSound.h">
      <Filter>FeatureHelpers\Sound</Filter>
    </ClInclude>
    <ClInclude Include="Features\Sound\BombBeepVisualizer.h">
      <Filter>Features\Sound</Filter>
    </ClInclude>
    <ClInclude Include="FeatureHelpers\Sound\BombBeepVisualizerHelpers.h">
      <Filter>FeatureHelpers\Sound</Filter>
    </ClInclude>
    <ClInclude Include="FeatureHelpers\HudInWorldPanelContainer.h">
      <Filter>FeatureHelpers</Filter>
    </ClInclude>
    <ClInclude Include="FeatureHelpers\HudInWorldPanelZOrder.h">
      <Filter>FeatureHelpers</Filter>
    </ClInclude>
    <ClInclude Include="FeatureHelpers\HudInWorldPanels.h">
      <Filter>FeatureHelpers</Filter>
    </ClInclude>
    <ClInclude Include="FeatureHelpers\Sound\BombDefuseSound.h">
      <Filter>FeatureHelpers\Sound</Filter>
    </ClInclude>
    <ClInclude Include="Features\Sound\BombDefuseVisualizer.h">
      <Filter>Features\Sound</Filter>
    </ClInclude>
    <ClInclude Include="FeatureHelpers\PanoramaTransformations.h">
      <Filter>FeatureHelpers</Filter>
    </ClInclude>
    <ClInclude Include="FeatureHelpers\Sound\SoundVisualizationFeature.h">
      <Filter>FeatureHelpers\Sound</Filter>
    </ClInclude>
    <ClInclude Include="FeatureHelpers\Sound\SoundVisualizationHelpers.h">
      <Filter>FeatureHelpers\Sound</Filter>
    </ClInclude>
    <ClInclude Include="FeatureHelpers\Sound\SoundVisualization.h">
      <Filter>FeatureHelpers\Sound</Filter>
    </ClInclude>
    <ClInclude Include="FeatureHelpers\Sound\WeaponScopeSound.h">
      <Filter>FeatureHelpers\Sound</Filter>
    </ClInclude>
    <ClInclude Include="Features\Sound\WeaponScopeVisualizer.h">
      <Filter>Features\Sound</Filter>
    </ClInclude>
    <ClInclude Include="FeatureHelpers\ViewToProjectionMatrix.h">
      <Filter>FeatureHelpers</Filter>
    </ClInclude>
    <ClInclude Include="CS2\Constants\AspectRatio.h">
      <Filter>CS2\Constants</Filter>
    </ClInclude>
    <ClInclude Include="MemorySearch\PatternStringWildcard.h">
      <Filter>MemorySearch</Filter>
    </ClInclude>
    <ClInclude Include="MemorySearch\BinaryBytePattern.h">
      <Filter>MemorySearch</Filter>
    </ClInclude>
    <ClInclude Include="Platform\Windows\RTTI\RttiCompleteObjectLocatorFinder.h">
      <Filter>Platform\Windows\RTTI</Filter>
    </ClInclude>
    <ClInclude Include="Platform\Windows\RTTI\RttiTypeDescriptor.h">
      <Filter>Platform\Windows\RTTI</Filter>
    </ClInclude>
    <ClInclude Include="Platform\Windows\RTTI\RttiTypeDescriptorFinder.h">
      <Filter>Platform\Windows\RTTI</Filter>
    </ClInclude>
    <ClInclude Include="Platform\Windows\RTTI\ToRvaConverter.h">
      <Filter>Platform\Windows\RTTI</Filter>
    </ClInclude>
    <ClInclude Include="Platform\Windows\RTTI\RttiCompleteObjectLocator.h">
      <Filter>Platform\Windows\RTTI</Filter>
    </ClInclude>
    <ClInclude Include="FeatureHelpers\Visuals\SniperScopeBlurRemover.h">
      <Filter>FeatureHelpers\Visuals</Filter>
    </ClInclude>
    <ClInclude Include="Features\Visuals\SniperScopeBlurRemovalFeature.h">
      <Filter>Features\Visuals</Filter>
    </ClInclude>
    <ClInclude Include="MemoryPatterns\PanelStylePatterns.h">
      <Filter>MemoryPatterns</Filter>
    </ClInclude>
    <ClInclude Include="MemoryPatterns\Linux\PanelStylePatternsLinux.h">
      <Filter>MemoryPatterns\Linux</Filter>
    </ClInclude>
    <ClInclude Include="MemoryPatterns\Windows\PanelStylePatternsWindows.h">
      <Filter>MemoryPatterns\Windows</Filter>
    </ClInclude>
    <ClInclude Include="CS2\Classes\CUtlString.h">
      <Filter>CS2\Classes</Filter>
    </ClInclude>
  </ItemGroup>
  <ItemGroup>
    <None Include="UI\Panorama\CreateGUI.js">
      <Filter>UI\Panorama</Filter>
    </None>
  </ItemGroup>
  <ItemGroup>
    <ClCompile Include="dllmain.cpp" />
    <ClCompile Include="Intrinsics.cpp" />
  </ItemGroup>
</Project>